
Microsoft Visual Studio Solution File, Format Version 12.00
# Visual Studio 15
VisualStudioVersion = 15.0.27004.2005
MinimumVisualStudioVersion = 10.0.40219.1
Project("{9A19103F-16F7-4668-BE54-9A1E7A4F7556}") = "Dncblogs.Web", "Dncblogs.Web\Dncblogs.Web.csproj", "{49509DAA-3E04-4C79-881C-ADD16C78C707}"
EndProject
Project("{9A19103F-16F7-4668-BE54-9A1E7A4F7556}") = "Dncblogs.Domain", "Dncblogs.Domain\Dncblogs.Domain.csproj", "{F46BF355-7294-43BB-AC44-032E8408A3B3}"
EndProject
Project("{9A19103F-16F7-4668-BE54-9A1E7A4F7556}") = "Dncblogs.Core", "Dncblogs.Core\Dncblogs.Core.csproj", "{F25D51CD-42ED-4CBE-A98B-FB5BF58D7160}"
EndProject
Project("{9A19103F-16F7-4668-BE54-9A1E7A4F7556}") = "Dncblogs.Data.EntityFramework", "Dncblogs.Data.EntityFramework\Dncblogs.Data.EntityFramework.csproj", "{5F0814B2-43EB-4FBF-B66F-420A2AE5830F}"
EndProject
Project("{9A19103F-16F7-4668-BE54-9A1E7A4F7556}") = "XNetCoreCommon", "XNetCoreCommon\XNetCoreCommon\XNetCoreCommon.csproj", "{349F047C-E96D-44B7-8317-2D6F67FFEEFB}"
EndProject
Project("{9A19103F-16F7-4668-BE54-9A1E7A4F7556}") = "UEditorNetCore", "..\UEditorNetCore-master\UEditorNetCore-master\UEditorNetCore\UEditorNetCore.csproj", "{B5604E6A-B6C1-4944-8953-91CF72687F57}"
EndProject
Global
	GlobalSection(SolutionConfigurationPlatforms) = preSolution
		Debug|Any CPU = Debug|Any CPU
		Release|Any CPU = Release|Any CPU
	EndGlobalSection
	GlobalSection(ProjectConfigurationPlatforms) = postSolution
		{49509DAA-3E04-4C79-881C-ADD16C78C707}.Debug|Any CPU.ActiveCfg = Debug|Any CPU
		{49509DAA-3E04-4C79-881C-ADD16C78C707}.Debug|Any CPU.Build.0 = Debug|Any CPU
		{49509DAA-3E04-4C79-881C-ADD16C78C707}.Release|Any CPU.ActiveCfg = Release|Any CPU
		{49509DAA-3E04-4C79-881C-ADD16C78C707}.Release|Any CPU.Build.0 = Release|Any CPU
		{F46BF355-7294-43BB-AC44-032E8408A3B3}.Debug|Any CPU.ActiveCfg = Debug|Any CPU
		{F46BF355-7294-43BB-AC44-032E8408A3B3}.Debug|Any CPU.Build.0 = Debug|Any CPU
		{F46BF355-7294-43BB-AC44-032E8408A3B3}.Release|Any CPU.ActiveCfg = Release|Any CPU
		{F46BF355-7294-43BB-AC44-032E8408A3B3}.Release|Any CPU.Build.0 = Release|Any CPU
		{F25D51CD-42ED-4CBE-A98B-FB5BF58D7160}.Debug|Any CPU.ActiveCfg = Debug|Any CPU
		{F25D51CD-42ED-4CBE-A98B-FB5BF58D7160}.Debug|Any CPU.Build.0 = Debug|Any CPU
		{F25D51CD-42ED-4CBE-A98B-FB5BF58D7160}.Release|Any CPU.ActiveCfg = Release|Any CPU
		{F25D51CD-42ED-4CBE-A98B-FB5BF58D7160}.Release|Any CPU.Build.0 = Release|Any CPU
		{5F0814B2-43EB-4FBF-B66F-420A2AE5830F}.Debug|Any CPU.ActiveCfg = Debug|Any CPU
		{5F0814B2-43EB-4FBF-B66F-420A2AE5830F}.Debug|Any CPU.Build.0 = Debug|Any CPU
		{5F0814B2-43EB-4FBF-B66F-420A2AE5830F}.Release|Any CPU.ActiveCfg = Release|Any CPU
		{5F0814B2-43EB-4FBF-B66F-420A2AE5830F}.Release|Any CPU.Build.0 = Release|Any CPU
		{349F047C-E96D-44B7-8317-2D6F67FFEEFB}.Debug|Any CPU.ActiveCfg = Debug|Any CPU
		{349F047C-E96D-44B7-8317-2D6F67FFEEFB}.Debug|Any CPU.Build.0 = Debug|Any CPU
		{349F047C-E96D-44B7-8317-2D6F67FFEEFB}.Release|Any CPU.ActiveCfg = Release|Any CPU
		{349F047C-E96D-44B7-8317-2D6F67FFEEFB}.Release|Any CPU.Build.0 = Release|Any CPU
		{B5604E6A-B6C1-4944-8953-91CF72687F57}.Debug|Any CPU.ActiveCfg = Debug|Any CPU
		{B5604E6A-B6C1-4944-8953-91CF72687F57}.Debug|Any CPU.Build.0 = Debug|Any CPU
		{B5604E6A-B6C1-4944-8953-91CF72687F57}.Release|Any CPU.ActiveCfg = Release|Any CPU
		{B5604E6A-B6C1-4944-8953-91CF72687F57}.Release|Any CPU.Build.0 = Release|Any CPU
	EndGlobalSection
	GlobalSection(SolutionProperties) = preSolution
		HideSolutionNode = FALSE
	EndGlobalSection
	GlobalSection(ExtensibilityGlobals) = postSolution
		SolutionGuid = {C56A09C7-E945-4270-A292-7E6CC00AD3E5}
	EndGlobalSection
EndGlobal
